
Microsoft Visual Studio Solution File, Format Version 12.00
# Visual Studio 15
VisualStudioVersion = 15.0.26430.14
MinimumVisualStudioVersion = 10.0.40219.1
Project("{8BC9CEB8-8B4A-11D0-8D11-00A0C91BC942}") = "NewbieSimulatorEngine", "NewbieSimulatorEngine\NewbieSimulatorEngine.vcxproj", "{6686D233-0690-427E-B95A-B40B4C59ED57}"
EndProject
Project("{8BC9CEB8-8B4A-11D0-8D11-00A0C91BC942}") = "NewbieSimulator", "NewbieSimulator\NewbieSimulator.vcxproj", "{A2005A51-534A-4A69-8C21-572D108F48CE}"
	ProjectSection(ProjectDependencies) = postProject
		{6686D233-0690-427E-B95A-B40B4C59ED57} = {6686D233-0690-427E-B95A-B40B4C59ED57}
	EndProjectSection
EndProject
Global
	GlobalSection(SolutionConfigurationPlatforms) = preSolution
		Debug|x64 = Debug|x64
		Debug|x86 = Debug|x86
		Release|x64 = Release|x64
		Release|x86 = Release|x86
	EndGlobalSection
	GlobalSection(ProjectConfigurationPlatforms) = postSolution
		{6686D233-0690-427E-B95A-B40B4C59ED57}.Debug|x64.ActiveCfg = Debug|x64
		{6686D233-0690-427E-B95A-B40B4C59ED57}.Debug|x64.Build.0 = Debug|x64
		{6686D233-0690-427E-B95A-B40B4C59ED57}.Debug|x86.ActiveCfg = Debug|Win32
		{6686D233-0690-427E-B95A-B40B4C59ED57}.Debug|x86.Build.0 = Debug|Win32
		{6686D233-0690-427E-B95A-B40B4C59ED57}.Release|x64.ActiveCfg = Release|x64
		{6686D233-0690-427E-B95A-B40B4C59ED57}.Release|x64.Build.0 = Release|x64
		{6686D233-0690-427E-B95A-B40B4C59ED57}.Release|x86.ActiveCfg = Release|Win32
		{6686D233-0690-427E-B95A-B40B4C59ED57}.Release|x86.Build.0 = Release|Win32
		{A2005A51-534A-4A69-8C21-572D108F48CE}.Debug|x64.ActiveCfg = Debug|x64
		{A2005A51-534A-4A69-8C21-572D108F48CE}.Debug|x64.Build.0 = Debug|x64
		{A2005A51-534A-4A69-8C21-572D108F48CE}.Debug|x86.ActiveCfg = Debug|Win32
		{A2005A51-534A-4A69-8C21-572D108F48CE}.Debug|x86.Build.0 = Debug|Win32
		{A2005A51-534A-4A69-8C21-572D108F48CE}.Release|x64.ActiveCfg = Release|x64
		{A2005A51-534A-4A69-8C21-572D108F48CE}.Release|x64.Build.0 = Release|x64
		{A2005A51-534A-4A69-8C21-572D108F48CE}.Release|x86.ActiveCfg = Release|Win32
		{A2005A51-534A-4A69-8C21-572D108F48CE}.Release|x86.Build.0 = Release|Win32
	EndGlobalSection
	GlobalSection(SolutionProperties) = preSolution
		HideSolutionNode = FALSE
	EndGlobalSection
EndGlobal
